<?xml version="1.0" encoding="utf-8"?>
<Project ToolsVersion="4.0" xmlns="http://schemas.microsoft.com/developer/msbuild/2003">
  <ItemGroup>
    <Filter Include="Source Files">
      <UniqueIdentifier>{4FC737F1-C7A5-4376-A066-2A32D752A2FF}</UniqueIdentifier>
      <Extensions>cpp;c;cc;cxx;def;odl;idl;hpj;bat;asm;asmx</Extensions>
    </Filter>
    <Filter Include="Header Files">
      <UniqueIdentifier>{93995380-89BD-4b04-88EB-625FBE52EBFB}</UniqueIdentifier>
      <Extensions>h;hh;hpp;hxx;hm;inl;inc;xsd</Extensions>
    </Filter>
    <Filter Include="Header Files\headers">
      <UniqueIdentifier>{226b0e00-6e7e-44ee-b722-47adbea604ce}</UniqueIdentifier>
    </Filter>
    <Filter Include="Shader Files">
      <UniqueIdentifier>{840905d9-502f-493b-86cc-152970487685}</UniqueIdentifier>
    </Filter>
    <Filter Include="Shader Files\Vertex">
      <UniqueIdentifier>{8d8a7bac-4acf-4ef4-80d4-4f0f4c95e1b1}</UniqueIdentifier>
    </Filter>
    <Filter Include="Shader Files\Fragment">
      <UniqueIdentifier>{66027edd-e5f0-4705-bdd2-894dc4039ad0}</UniqueIdentifier>
    </Filter>
    <Filter Include="Settings Files">
      <UniqueIdentifier>{c95ad156-7e50-456e-a11a-1ffa989fffae}</UniqueIdentifier>
    </Filter>
  </ItemGroup>
  <ItemGroup>
    <ClCompile Include="..\src\engine.cpp">
      <Filter>Source Files</Filter>
    </ClCompile>
    <ClCompile Include="..\src\filesystem.cpp">
      <Filter>Source Files</Filter>
    </ClCompile>
    <ClCompile Include="..\src\framebuffers.cpp">
      <Filter>Source Files</Filter>
    </ClCompile>
    <ClCompile Include="..\src\main.cpp">
      <Filter>Source Files</Filter>
    </ClCompile>
    <ClCompile Include="..\src\maps.cpp">
      <Filter>Source Files</Filter>
    </ClCompile>
    <ClCompile Include="..\src\models.cpp">
      <Filter>Source Files</Filter>
    </ClCompile>
    <ClCompile Include="..\src\renderer.cpp">
      <Filter>Source Files</Filter>
    </ClCompile>
    <ClCompile Include="..\src\scenes.cpp">
      <Filter>Source Files</Filter>
    </ClCompile>
    <ClCompile Include="..\src\shaders.cpp">
      <Filter>Source Files</Filter>
    </ClCompile>
  </ItemGroup>
  <ItemGroup>
    <ClInclude Include="..\src\camera.h">
      <Filter>Header Files</Filter>
    </ClInclude>
    <ClInclude Include="..\src\context.h">
      <Filter>Header Files</Filter>
    </ClInclude>
    <ClInclude Include="..\src\engine.h">
      <Filter>Header Files</Filter>
    </ClInclude>
    <ClInclude Include="..\src\filesystem.h">
      <Filter>Header Files</Filter>
    </ClInclude>
    <ClInclude Include="..\src\framebuffers.h">
      <Filter>Header Files</Filter>
    </ClInclude>
    <ClInclude Include="..\src\maps.h">
      <Filter>Header Files</Filter>
    </ClInclude>
    <ClInclude Include="..\src\matrix.h">
      <Filter>Header Files</Filter>
    </ClInclude>
    <ClInclude Include="..\src\models.h">
      <Filter>Header Files</Filter>
    </ClInclude>
    <ClInclude Include="..\src\openGL.h">
      <Filter>Header Files</Filter>
    </ClInclude>
    <ClInclude Include="..\src\renderer.h">
      <Filter>Header Files</Filter>
    </ClInclude>
    <ClInclude Include="..\src\scenes.h">
      <Filter>Header Files</Filter>
    </ClInclude>
    <ClInclude Include="..\src\shaders.h">
      <Filter>Header Files</Filter>
    </ClInclude>
    <ClInclude Include="..\src\vector.h">
      <Filter>Header Files</Filter>
    </ClInclude>
    <ClInclude Include="..\src\headers\cameraTypes.h">
      <Filter>Header Files\headers</Filter>
    </ClInclude>
    <ClInclude Include="..\src\headers\mapsTypes.h">
      <Filter>Header Files\headers</Filter>
    </ClInclude>
    <ClInclude Include="..\src\headers\math.h">
      <Filter>Header Files\headers</Filter>
    </ClInclude>
    <ClInclude Include="..\src\headers\modelTypes.h">
      <Filter>Header Files\headers</Filter>
    </ClInclude>
    <ClInclude Include="..\src\headers\openGLTypes.h">
      <Filter>Header Files\headers</Filter>
    </ClInclude>
    <ClInclude Include="..\src\headers\rendererTypes.h">
      <Filter>Header Files\headers</Filter>
    </ClInclude>
    <ClInclude Include="..\src\headers\sceneTypes.h">
      <Filter>Header Files\headers</Filter>
    </ClInclude>
    <ClInclude Include="..\src\headers\shaderTypes.h">
      <Filter>Header Files\headers</Filter>
    </ClInclude>
    <ClInclude Include="..\src\headers\types.h">
      <Filter>Header Files\headers</Filter>
    </ClInclude>
    <ClInclude Include="..\src\headers\cullingTypes.h">
      <Filter>Header Files\headers</Filter>
    </ClInclude>
    <ClInclude Include="..\src\culling.h">
      <Filter>Header Files</Filter>
    </ClInclude>
    <ClInclude Include="..\src\pickColor.h">
      <Filter>Header Files</Filter>
    </ClInclude>
  </ItemGroup>
</Project>